
Microsoft Visual Studio Solution File, Format Version 12.00
# Visual Studio 15
VisualStudioVersion = 15.0.26403.7
MinimumVisualStudioVersion = 10.0.40219.1
Project("{FAE04EC0-301F-11D3-BF4B-00C04F79EFBC}") = "IdentityServer4PersistanceStorageSample", "IdentityServer4PersistanceStorageSample\IdentityServer4PersistanceStorageSample.csproj", "{630998C2-1571-4B9A-8966-99D4E5FC7B8C}"
EndProject
Global
	GlobalSection(SolutionConfigurationPlatforms) = preSolution
		Debug|Any CPU = Debug|Any CPU
		Release|Any CPU = Release|Any CPU
	EndGlobalSection
	GlobalSection(ProjectConfigurationPlatforms) = postSolution
		{630998C2-1571-4B9A-8966-99D4E5FC7B8C}.Debug|Any CPU.ActiveCfg = Debug|Any CPU
		{630998C2-1571-4B9A-8966-99D4E5FC7B8C}.Debug|Any CPU.Build.0 = Debug|Any CPU
		{630998C2-1571-4B9A-8966-99D4E5FC7B8C}.Release|Any CPU.ActiveCfg = Release|Any CPU
		{630998C2-1571-4B9A-8966-99D4E5FC7B8C}.Release|Any CPU.Build.0 = Release|Any CPU
	EndGlobalSection
	GlobalSection(SolutionProperties) = preSolution
		HideSolutionNode = FALSE
	EndGlobalSection
EndGlobal
